
Microsoft Visual Studio Solution File, Format Version 11.00
# Visual Studio 2010
Project("{FAE04EC0-301F-11D3-BF4B-00C04F79EFBC}") = "HelloGES", "HelloGES.csproj", "{AE720ED7-05C3-4040-88C6-1338C71039B9}"
EndProject
Global
	GlobalSection(SolutionConfigurationPlatforms) = preSolution
		Debug|Any CPU = Debug|Any CPU
		Release|Any CPU = Release|Any CPU
	EndGlobalSection
	GlobalSection(ProjectConfigurationPlatforms) = postSolution
		{AE720ED7-05C3-4040-88C6-1338C71039B9}.Debug|Any CPU.ActiveCfg = Debug|Any CPU
		{AE720ED7-05C3-4040-88C6-1338C71039B9}.Debug|Any CPU.Build.0 = Debug|Any CPU
		{AE720ED7-05C3-4040-88C6-1338C71039B9}.Release|Any CPU.ActiveCfg = Release|Any CPU
		{AE720ED7-05C3-4040-88C6-1338C71039B9}.Release|Any CPU.Build.0 = Release|Any CPU
	EndGlobalSection
	GlobalSection(SolutionProperties) = preSolution
		HideSolutionNode = FALSE
	EndGlobalSection
EndGlobal
